// !$*UTF8*$!
{
	archiveVersion = 1;
	classes = {
	};
	objectVersion = 56;
	objects = {

/* Begin PBXBuildFile section */
		01539F282BCC30E50021B5A3 /* AppDelegate.swift in Sources */ = {isa = PBXBuildFile; fileRef = 01539F272BCC30E50021B5A3 /* AppDelegate.swift */; };
		01539F2A2BCC30E50021B5A3 /* SceneDelegate.swift in Sources */ = {isa = PBXBuildFile; fileRef = 01539F292BCC30E50021B5A3 /* SceneDelegate.swift */; };
		01539F2C2BCC30E50021B5A3 /* ViewController.swift in Sources */ = {isa = PBXBuildFile; fileRef = 01539F2B2BCC30E50021B5A3 /* ViewController.swift */; };
		01539F2F2BCC30E50021B5A3 /* Main.storyboard in Resources */ = {isa = PBXBuildFile; fileRef = 01539F2D2BCC30E50021B5A3 /* Main.storyboard */; };
		01539F312BCC30E70021B5A3 /* Assets.xcassets in Resources */ = {isa = PBXBuildFile; fileRef = 01539F302BCC30E70021B5A3 /* Assets.xcassets */; };
		01539F342BCC30E70021B5A3 /* LaunchScreen.storyboard in Resources */ = {isa = PBXBuildFile; fileRef = 01539F322BCC30E70021B5A3 /* LaunchScreen.storyboard */; };
		01539F3C2BCC319E0021B5A3 /* UIColor+Extension.swift in Sources */ = {isa = PBXBuildFile; fileRef = 01539F3B2BCC319E0021B5A3 /* UIColor+Extension.swift */; };
		01539F3E2BCC33670021B5A3 /* MyHelperCompatible.swift in Sources */ = {isa = PBXBuildFile; fileRef = 01539F3D2BCC33670021B5A3 /* MyHelperCompatible.swift */; };
		01539F402BCC38B20021B5A3 /* MyWrappable.swift in Sources */ = {isa = PBXBuildFile; fileRef = 01539F3F2BCC38B20021B5A3 /* MyWrappable.swift */; };
		22E0603E2BD5F2330060F599 /* UIVewController+Extension.swift in Sources */ = {isa = PBXBuildFile; fileRef = 22E0603D2BD5F2330060F599 /* UIVewController+Extension.swift */; };
/* End PBXBuildFile section */

/* Begin PBXFileReference section */
		01539F242BCC30E50021B5A3 /* LGSwiftExtensionDemo.app */ = {isa = PBXFileReference; explicitFileType = wrapper.application; includeInIndex = 0; path = LGSwiftExtensionDemo.app; sourceTree = BUILT_PRODUCTS_DIR; };
		01539F272BCC30E50021B5A3 /* AppDelegate.swift */ = {isa = PBXFileReference; lastKnownFileType = sourcecode.swift; path = AppDelegate.swift; sourceTree = "<group>"; };
		01539F292BCC30E50021B5A3 /* SceneDelegate.swift */ = {isa = PBXFileReference; lastKnownFileType = sourcecode.swift; path = SceneDelegate.swift; sourceTree = "<group>"; };
		01539F2B2BCC30E50021B5A3 /* ViewController.swift */ = {isa = PBXFileReference; lastKnownFileType = sourcecode.swift; path = ViewController.swift; sourceTree = "<group>"; };
		01539F2E2BCC30E50021B5A3 /* Base */ = {isa = PBXFileReference; lastKnownFileType = file.storyboard; name = Base; path = Base.lproj/Main.storyboard; sourceTree = "<group>"; };
		01539F302BCC30E70021B5A3 /* Assets.xcassets */ = {isa = PBXFileReference; lastKnownFileType = folder.assetcatalog; path = Assets.xcassets; sourceTree = "<group>"; };
		01539F332BCC30E70021B5A3 /* Base */ = {isa = PBXFileReference; lastKnownFileType = file.storyboard; name = Base; path = Base.lproj/LaunchScreen.storyboard; sourceTree = "<group>"; };
		01539F352BCC30E70021B5A3 /* Info.plist */ = {isa = PBXFileReference; lastKnownFileType = text.plist.xml; path = Info.plist; sourceTree = "<group>"; };
		01539F3B2BCC319E0021B5A3 /* UIColor+Extension.swift */ = {isa = PBXFileReference; lastKnownFileType = sourcecode.swift; path = "UIColor+Extension.swift"; sourceTree = "<group>"; };
		01539F3D2BCC33670021B5A3 /* MyHelperCompatible.swift */ = {isa = PBXFileReference; lastKnownFileType = sourcecode.swift; path = MyHelperCompatible.swift; sourceTree = "<group>"; };
		01539F3F2BCC38B20021B5A3 /* MyWrappable.swift */ = {isa = PBXFileReference; lastKnownFileType = sourcecode.swift; path = MyWrappable.swift; sourceTree = "<group>"; };
		22E0603D2BD5F2330060F599 /* UIVewController+Extension.swift */ = {isa = PBXFileReference; lastKnownFileType = sourcecode.swift; path = "UIVewController+Extension.swift"; sourceTree = "<group>"; };
/* End PBXFileReference section */

/* Begin PBXFrameworksBuildPhase section */
		01539F212BCC30E50021B5A3 /* Frameworks */ = {
			isa = PBXFrameworksBuildPhase;
			buildActionMask = 2147483647;
			files = (
			);
			runOnlyForDeploymentPostprocessing = 0;
		};
/* End PBXFrameworksBuildPhase section */

/* Begin PBXGroup section */
		01539F1B2BCC30E50021B5A3 = {
			isa = PBXGroup;
			children = (
				01539F262BCC30E50021B5A3 /* LGSwiftExtensionDemo */,
				01539F252BCC30E50021B5A3 /* Products */,
			);
			sourceTree = "<group>";
		};
		01539F252BCC30E50021B5A3 /* Products */ = {
			isa = PBXGroup;
			children = (
				01539F242BCC30E50021B5A3 /* LGSwiftExtensionDemo.app */,
			);
			name = Products;
			sourceTree = "<group>";
		};
		01539F262BCC30E50021B5A3 /* LGSwiftExtensionDemo */ = {
			isa = PBXGroup;
			children = (
				01539F272BCC30E50021B5A3 /* AppDelegate.swift */,
				01539F292BCC30E50021B5A3 /* SceneDelegate.swift */,
				01539F2B2BCC30E50021B5A3 /* ViewController.swift */,
				01539F3D2BCC33670021B5A3 /* MyHelperCompatible.swift */,
				01539F3B2BCC319E0021B5A3 /* UIColor+Extension.swift */,
				22E0603D2BD5F2330060F599 /* UIVewController+Extension.swift */,
				01539F3F2BCC38B20021B5A3 /* MyWrappable.swift */,
				01539F2D2BCC30E50021B5A3 /* Main.storyboard */,
				01539F302BCC30E70021B5A3 /* Assets.xcassets */,
				01539F322BCC30E70021B5A3 /* LaunchScreen.storyboard */,
				01539F352BCC30E70021B5A3 /* Info.plist */,
			);
			path = LGSwiftExtensionDemo;
			sourceTree = "<group>";
		};
/* End PBXGroup section */

/* Begin PBXNativeTarget section */
		01539F232BCC30E50021B5A3 /* LGSwiftExtensionDemo */ = {
			isa = PBXNativeTarget;
			buildConfigurationList = 01539F382BCC30E70021B5A3 /* Build configuration list for PBXNativeTarget "LGSwiftExtensionDemo" */;
			buildPhases = (
				01539F202BCC30E50021B5A3 /* Sources */,
				01539F212BCC30E50021B5A3 /* Frameworks */,
				01539F222BCC30E50021B5A3 /* Resources */,
			);
			buildRules = (
			);
			dependencies = (
			);
			name = LGSwiftExtensionDemo;
			productName = LGSwiftExtensionDemo;
			productReference = 01539F242BCC30E50021B5A3 /* LGSwiftExtensionDemo.app */;
			productType = "com.apple.product-type.application";
		};
/* End PBXNativeTarget section */

/* Begin PBXProject section */
		01539F1C2BCC30E50021B5A3 /* Project object */ = {
			isa = PBXProject;
			attributes = {
				BuildIndependentTargetsInParallel = 1;
				LastSwiftUpdateCheck = 1430;
				LastUpgradeCheck = 1430;
				TargetAttributes = {
					01539F232BCC30E50021B5A3 = {
						CreatedOnToolsVersion = 14.3.1;
					};
				};
			};
			buildConfigurationList = 01539F1F2BCC30E50021B5A3 /* Build configuration list for PBXProject "LGSwiftExtensionDemo" */;
			compatibilityVersion = "Xcode 14.0";
			developmentRegion = en;
			hasScannedForEncodings = 0;
			knownRegions = (
				en,
				Base,
			);
			mainGroup = 01539F1B2BCC30E50021B5A3;
			productRefGroup = 01539F252BCC30E50021B5A3 /* Products */;
			projectDirPath = "";
			projectRoot = "";
			targets = (
				01539F232BCC30E50021B5A3 /* LGSwiftExtensionDemo */,
			);
		};
/* End PBXProject section */

/* Begin PBXResourcesBuildPhase section */
		01539F222BCC30E50021B5A3 /* Resources */ = {
			isa = PBXResourcesBuildPhase;
			buildActionMask = 2147483647;
			files = (
				01539F342BCC30E70021B5A3 /* LaunchScreen.storyboard in Resources */,
				01539F312BCC30E70021B5A3 /* Assets.xcassets in Resources */,
				01539F2F2BCC30E50021B5A3 /* Main.storyboard in Resources */,
			);
			runOnlyForDeploymentPostprocessing = 0;
		};
/* End PBXResourcesBuildPhase section */

/* Begin PBXSourcesBuildPhase section */
		01539F202BCC30E50021B5A3 /* Sources */ = {
			isa = PBXSourcesBuildPhase;
			buildActionMask = 2147483647;
			files = (
				01539F2C2BCC30E50021B5A3 /* ViewController.swift in Sources */,
				01539F282BCC30E50021B5A3 /* AppDelegate.swift in Sources */,
				22E0603E2BD5F2330060F599 /* UIVewController+Extension.swift in Sources */,
				01539F2A2BCC30E50021B5A3 /* SceneDelegate.swift in Sources */,
				01539F3C2BCC319E0021B5A3 /* UIColor+Extension.swift in Sources */,
				01539F402BCC38B20021B5A3 /* MyWrappable.swift in Sources */,
				01539F3E2BCC33670021B5A3 /* MyHelperCompatible.swift in Sources */,
			);
			runOnlyForDeploymentPostprocessing = 0;
		};
/* End PBXSourcesBuildPhase section */

/* Begin PBXVariantGroup section */
		01539F2D2BCC30E50021B5A3 /* Main.storyboard */ = {
			isa = PBXVariantGroup;
			children = (
				01539F2E2BCC30E50021B5A3 /* Base */,
			);
			name = Main.storyboard;
			sourceTree = "<group>";
		};
		01539F322BCC30E70021B5A3 /* LaunchScreen.storyboard */ = {
			isa = PBXVariantGroup;
			children = (
				01539F332BCC30E70021B5A3 /* Base */,
			);
			name = LaunchScreen.storyboard;
			sourceTree = "<group>";
		};
/* End PBXVariantGroup section */

/* Begin XCBuildConfiguration section */
		01539F362BCC30E70021B5A3 /* Debug */ = {
			isa = XCBuildConfiguration;
			buildSettings = {
				ALWAYS_SEARCH_USER_PATHS = NO;
				CLANG_ANALYZER_NONNULL = YES;
				CLANG_ANALYZER_NUMBER_OBJECT_CONVERSION = YES_AGGRESSIVE;
				CLANG_CXX_LANGUAGE_STANDARD = "gnu++20";
				CLANG_ENABLE_MODULES = YES;
				CLANG_ENABLE_OBJC_ARC = YES;
				CLANG_ENABLE_OBJC_WEAK = YES;
				CLANG_WARN_BLOCK_CAPTURE_AUTORELEASING = YES;
				CLANG_WARN_BOOL_CONVERSION = YES;
				CLANG_WARN_COMMA = YES;
				CLANG_WARN_CONSTANT_CONVERSION = YES;
				CLANG_WARN_DEPRECATED_OBJC_IMPLEMENTATIONS = YES;
				CLANG_WARN_DIRECT_OBJC_ISA_USAGE = YES_ERROR;
				CLANG_WARN_DOCUMENTATION_COMMENTS = YES;
				CLANG_WARN_EMPTY_BODY = YES;
				CLANG_WARN_ENUM_CONVERSION = YES;
				CLANG_WARN_INFINITE_RECURSION = YES;
				CLANG_WARN_INT_CONVERSION = YES;
				CLANG_WARN_NON_LITERAL_NULL_CONVERSION = YES;
				CLANG_WARN_OBJC_IMPLICIT_RETAIN_SELF = YES;
				CLANG_WARN_OBJC_LITERAL_CONVERSION = YES;
				CLANG_WARN_OBJC_ROOT_CLASS = YES_ERROR;
				CLANG_WARN_QUOTED_INCLUDE_IN_FRAMEWORK_HEADER = YES;
				CLANG_WARN_RANGE_LOOP_ANALYSIS = YES;
				CLANG_WARN_STRICT_PROTOTYPES = YES;
				CLANG_WARN_SUSPICIOUS_MOVE = YES;
				CLANG_WARN_UNGUARDED_AVAILABILITY = YES_AGGRESSIVE;
				CLANG_WARN_UNREACHABLE_CODE = YES;
				CLANG_WARN__DUPLICATE_METHOD_MATCH = YES;
				COPY_PHASE_STRIP = NO;
				DEBUG_INFORMATION_FORMAT = dwarf;
				ENABLE_STRICT_OBJC_MSGSEND = YES;
				ENABLE_TESTABILITY = YES;
				GCC_C_LANGUAGE_STANDARD = gnu11;
				GCC_DYNAMIC_NO_PIC = NO;
				GCC_NO_COMMON_BLOCKS = YES;
				GCC_OPTIMIZATION_LEVEL = 0;
				GCC_PREPROCESSOR_DEFINITIONS = (
					"DEBUG=1",
					"$(inherited)",
				);
				GCC_WARN_64_TO_32_BIT_CONVERSION = YES;
				GCC_WARN_ABOUT_RETURN_TYPE = YES_ERROR;
				GCC_WARN_UNDECLARED_SELECTOR = YES;
				GCC_WARN_UNINITIALIZED_AUTOS = YES_AGGRESSIVE;
				GCC_WARN_UNUSED_FUNCTION = YES;
				GCC_WARN_UNUSED_VARIABLE = YES;
				IPHONEOS_DEPLOYMENT_TARGET = 16.4;
				MTL_ENABLE_DEBUG_INFO = INCLUDE_SOURCE;
				MTL_FAST_MATH = YES;
				ONLY_ACTIVE_ARCH = YES;
				SDKROOT = iphoneos;
				SWIFT_ACTIVE_COMPILATION_CONDITIONS = DEBUG;
				SWIFT_OPTIMIZATION_LEVEL = "-Onone";
			};
			name = Debug;
		};
		01539F372BCC30E70021B5A3 /* Release */ = {
			isa = XCBuildConfiguration;
			buildSettings = {
				ALWAYS_SEARCH_USER_PATHS = NO;
				CLANG_ANALYZER_NONNULL = YES;
				CLANG_ANALYZER_NUMBER_OBJECT_CONVERSION = YES_AGGRESSIVE;
				CLANG_CXX_LANGUAGE_STANDARD = "gnu++20";
				CLANG_ENABLE_MODULES = YES;
				CLANG_ENABLE_OBJC_ARC = YES;
				CLANG_ENABLE_OBJC_WEAK = YES;
				CLANG_WARN_BLOCK_CAPTURE_AUTORELEASING = YES;
				CLANG_WARN_BOOL_CONVERSION = YES;
				CLANG_WARN_COMMA = YES;
				CLANG_WARN_CONSTANT_CONVERSION = YES;
				CLANG_WARN_DEPRECATED_OBJC_IMPLEMENTATIONS = YES;
				CLANG_WARN_DIRECT_OBJC_ISA_USAGE = YES_ERROR;
				CLANG_WARN_DOCUMENTATION_COMMENTS = YES;
				CLANG_WARN_EMPTY_BODY = YES;
				CLANG_WARN_ENUM_CONVERSION = YES;
				CLANG_WARN_INFINITE_RECURSION = YES;
				CLANG_WARN_INT_CONVERSION = YES;
				CLANG_WARN_NON_LITERAL_NULL_CONVERSION = YES;
				CLANG_WARN_OBJC_IMPLICIT_RETAIN_SELF = YES;
				CLANG_WARN_OBJC_LITERAL_CONVERSION = YES;
				CLANG_WARN_OBJC_ROOT_CLASS = YES_ERROR;
				CLANG_WARN_QUOTED_INCLUDE_IN_FRAMEWORK_HEADER = YES;
				CLANG_WARN_RANGE_LOOP_ANALYSIS = YES;
				CLANG_WARN_STRICT_PROTOTYPES = YES;
				CLANG_WARN_SUSPICIOUS_MOVE = YES;
				CLANG_WARN_UNGUARDED_AVAILABILITY = YES_AGGRESSIVE;
				CLANG_WARN_UNREACHABLE_CODE = YES;
				CLANG_WARN__DUPLICATE_METHOD_MATCH = YES;
				COPY_PHASE_STRIP = NO;
				DEBUG_INFORMATION_FORMAT = "dwarf-with-dsym";
				ENABLE_NS_ASSERTIONS = NO;
				ENABLE_STRICT_OBJC_MSGSEND = YES;
				GCC_C_LANGUAGE_STANDARD = gnu11;
				GCC_NO_COMMON_BLOCKS = YES;
				GCC_WARN_64_TO_32_BIT_CONVERSION = YES;
				GCC_WARN_ABOUT_RETURN_TYPE = YES_ERROR;
				GCC_WARN_UNDECLARED_SELECTOR = YES;
				GCC_WARN_UNINITIALIZED_AUTOS = YES_AGGRESSIVE;
				GCC_WARN_UNUSED_FUNCTION = YES;
				GCC_WARN_UNUSED_VARIABLE = YES;
				IPHONEOS_DEPLOYMENT_TARGET = 16.4;
				MTL_ENABLE_DEBUG_INFO = NO;
				MTL_FAST_MATH = YES;
				SDKROOT = iphoneos;
				SWIFT_COMPILATION_MODE = wholemodule;
				SWIFT_OPTIMIZATION_LEVEL = "-O";
				VALIDATE_PRODUCT = YES;
			};
			name = Release;
		};
		01539F392BCC30E70021B5A3 /* Debug */ = {
			isa = XCBuildConfiguration;
			buildSettings = {
				ASSETCATALOG_COMPILER_APPICON_NAME = AppIcon;
				ASSETCATALOG_COMPILER_GLOBAL_ACCENT_COLOR_NAME = AccentColor;
				CODE_SIGN_STYLE = Automatic;
				CURRENT_PROJECT_VERSION = 1;
				GENERATE_INFOPLIST_FILE = YES;
				INFOPLIST_FILE = LGSwiftExtensionDemo/Info.plist;
				INFOPLIST_KEY_UIApplicationSupportsIndirectInputEvents = YES;
				INFOPLIST_KEY_UILaunchStoryboardName = LaunchScreen;
				INFOPLIST_KEY_UIMainStoryboardFile = Main;
				INFOPLIST_KEY_UISupportedInterfaceOrientations_iPad = "UIInterfaceOrientationPortrait UIInterfaceOrientationPortraitUpsideDown UIInterfaceOrientationLandscapeLeft UIInterfaceOrientationLandscapeRight";
				INFOPLIST_KEY_UISupportedInterfaceOrientations_iPhone = "UIInterfaceOrientationPortrait UIInterfaceOrientationLandscapeLeft UIInterfaceOrientationLandscapeRight";
				LD_RUNPATH_SEARCH_PATHS = (
					"$(inherited)",
					"@executable_path/Frameworks",
				);
				MARKETING_VERSION = 1.0;
				PRODUCT_BUNDLE_IDENTIFIER = com.WYTest.LGSwiftExtensionDemo;
				PRODUCT_NAME = "$(TARGET_NAME)";
				SWIFT_EMIT_LOC_STRINGS = YES;
				SWIFT_VERSION = 5.0;
				TARGETED_DEVICE_FAMILY = "1,2";
			};
			name = Debug;
		};
		01539F3A2BCC30E70021B5A3 /* Release */ = {
			isa = XCBuildConfiguration;
			buildSettings = {
				ASSETCATALOG_COMPILER_APPICON_NAME = AppIcon;
				ASSETCATALOG_COMPILER_GLOBAL_ACCENT_COLOR_NAME = AccentColor;
				CODE_SIGN_STYLE = Automatic;
				CURRENT_PROJECT_VERSION = 1;
				GENERATE_INFOPLIST_FILE = YES;
				INFOPLIST_FILE = LGSwiftExtensionDemo/Info.plist;
				INFOPLIST_KEY_UIApplicationSupportsIndirectInputEvents = YES;
				INFOPLIST_KEY_UILaunchStoryboardName = LaunchScreen;
				INFOPLIST_KEY_UIMainStoryboardFile = Main;
				INFOPLIST_KEY_UISupportedInterfaceOrientations_iPad = "UIInterfaceOrientationPortrait UIInterfaceOrientationPortraitUpsideDown UIInterfaceOrientationLandscapeLeft UIInterfaceOrientationLandscapeRight";
				INFOPLIST_KEY_UISupportedInterfaceOrientations_iPhone = "UIInterfaceOrientationPortrait UIInterfaceOrientationLandscapeLeft UIInterfaceOrientationLandscapeRight";
				LD_RUNPATH_SEARCH_PATHS = (
					"$(inherited)",
					"@executable_path/Frameworks",
				);
				MARKETING_VERSION = 1.0;
				PRODUCT_BUNDLE_IDENTIFIER = com.WYTest.LGSwiftExtensionDemo;
				PRODUCT_NAME = "$(TARGET_NAME)";
				SWIFT_EMIT_LOC_STRINGS = YES;
				SWIFT_VERSION = 5.0;
				TARGETED_DEVICE_FAMILY = "1,2";
			};
			name = Release;
		};
/* End XCBuildConfiguration section */

/* Begin XCConfigurationList section */
		01539F1F2BCC30E50021B5A3 /* Build configuration list for PBXProject "LGSwiftExtensionDemo" */ = {
			isa = XCConfigurationList;
			buildConfigurations = (
				01539F362BCC30E70021B5A3 /* Debug */,
				01539F372BCC30E70021B5A3 /* Release */,
			);
			defaultConfigurationIsVisible = 0;
			defaultConfigurationName = Release;
		};
		01539F382BCC30E70021B5A3 /* Build configuration list for PBXNativeTarget "LGSwiftExtensionDemo" */ = {
			isa = XCConfigurationList;
			buildConfigurations = (
				01539F392BCC30E70021B5A3 /* Debug */,
				01539F3A2BCC30E70021B5A3 /* Release */,
			);
			defaultConfigurationIsVisible = 0;
			defaultConfigurationName = Release;
		};
/* End XCConfigurationList section */
	};
	rootObject = 01539F1C2BCC30E50021B5A3 /* Project object */;
}
